// !$*UTF8*$!
{
	archiveVersion = 1;
	classes = {
	};
	objectVersion = 46;
	objects = {

/* Begin PBXBuildFile section */
		DF7FA4061B00B22A006765EF /* main.m in Sources */ = {isa = PBXBuildFile; fileRef = DF7FA4051B00B22A006765EF /* main.m */; };
		DF7FA4091B00B22A006765EF /* AppDelegate.m in Sources */ = {isa = PBXBuildFile; fileRef = DF7FA4081B00B22A006765EF /* AppDelegate.m */; };
		DF7FA40C1B00B22A006765EF /* ViewController.m in Sources */ = {isa = PBXBuildFile; fileRef = DF7FA40B1B00B22A006765EF /* ViewController.m */; };
		DF7FA40F1B00B22A006765EF /* Main.storyboard in Resources */ = {isa = PBXBuildFile; fileRef = DF7FA40D1B00B22A006765EF /* Main.storyboard */; };
		DF7FA4111B00B22A006765EF /* Images.xcassets in Resources */ = {isa = PBXBuildFile; fileRef = DF7FA4101B00B22A006765EF /* Images.xcassets */; };
		DF7FA4141B00B22A006765EF /* LaunchScreen.xib in Resources */ = {isa = PBXBuildFile; fileRef = DF7FA4121B00B22A006765EF /* LaunchScreen.xib */; };
		DF7FA4201B00B22A006765EF /* QuizTests.m in Sources */ = {isa = PBXBuildFile; fileRef = DF7FA41F1B00B22A006765EF /* QuizTests.m */; };
/* End PBXBuildFile section */

/* Begin PBXContainerItemProxy section */
		DF7FA41A1B00B22A006765EF /* PBXContainerItemProxy */ = {
			isa = PBXContainerItemProxy;
			containerPortal = DF7FA3F81B00B229006765EF /* Project object */;
			proxyType = 1;
			remoteGlobalIDString = DF7FA3FF1B00B229006765EF;
			remoteInfo = Quiz;
		};
/* End PBXContainerItemProxy section */

/* Begin PBXFileReference section */
		DF7FA4001B00B229006765EF /* Quiz.app */ = {isa = PBXFileReference; explicitFileType = wrapper.application; includeInIndex = 0; path = Quiz.app; sourceTree = BUILT_PRODUCTS_DIR; };
		DF7FA4041B00B22A006765EF /* Info.plist */ = {isa = PBXFileReference; lastKnownFileType = text.plist.xml; path = Info.plist; sourceTree = "<group>"; };
		DF7FA4051B00B22A006765EF /* main.m */ = {isa = PBXFileReference; lastKnownFileType = sourcecode.c.objc; path = main.m; sourceTree = "<group>"; };
		DF7FA4071B00B22A006765EF /* AppDelegate.h */ = {isa = PBXFileReference; lastKnownFileType = sourcecode.c.h; path = AppDelegate.h; sourceTree = "<group>"; };
		DF7FA4081B00B22A006765EF /* AppDelegate.m */ = {isa = PBXFileReference; lastKnownFileType = sourcecode.c.objc; path = AppDelegate.m; sourceTree = "<group>"; };
		DF7FA40A1B00B22A006765EF /* ViewController.h */ = {isa = PBXFileReference; lastKnownFileType = sourcecode.c.h; path = ViewController.h; sourceTree = "<group>"; };
		DF7FA40B1B00B22A006765EF /* ViewController.m */ = {isa = PBXFileReference; lastKnownFileType = sourcecode.c.objc; path = ViewController.m; sourceTree = "<group>"; };
		DF7FA40E1B00B22A006765EF /* Base */ = {isa = PBXFileReference; lastKnownFileType = file.storyboard; name = Base; path = Base.lproj/Main.storyboard; sourceTree = "<group>"; };
		DF7FA4101B00B22A006765EF /* Images.xcassets */ = {isa = PBXFileReference; lastKnownFileType = folder.assetcatalog; path = Images.xcassets; sourceTree = "<group>"; };
		DF7FA4131B00B22A006765EF /* Base */ = {isa = PBXFileReference; lastKnownFileType = file.xib; name = Base; path = Base.lproj/LaunchScreen.xib; sourceTree = "<group>"; };
		DF7FA4191B00B22A006765EF /* QuizTests.xctest */ = {isa = PBXFileReference; explicitFileType = wrapper.cfbundle; includeInIndex = 0; path = QuizTests.xctest; sourceTree = BUILT_PRODUCTS_DIR; };
		DF7FA41E1B00B22A006765EF /* Info.plist */ = {isa = PBXFileReference; lastKnownFileType = text.plist.xml; path = Info.plist; sourceTree = "<group>"; };
		DF7FA41F1B00B22A006765EF /* QuizTests.m */ = {isa = PBXFileReference; lastKnownFileType = sourcecode.c.objc; path = QuizTests.m; sourceTree = "<group>"; };
/* End PBXFileReference section */

/* Begin PBXFrameworksBuildPhase section */
		DF7FA3FD1B00B229006765EF /* Frameworks */ = {
			isa = PBXFrameworksBuildPhase;
			buildActionMask = 2147483647;
			files = (
			);
			runOnlyForDeploymentPostprocessing = 0;
		};
		DF7FA4161B00B22A006765EF /* Frameworks */ = {
			isa = PBXFrameworksBuildPhase;
			buildActionMask = 2147483647;
			files = (
			);
			runOnlyForDeploymentPostprocessing = 0;
		};
/* End PBXFrameworksBuildPhase section */

/* Begin PBXGroup section */
		DF7FA3F71B00B229006765EF = {
			isa = PBXGroup;
			children = (
				DF7FA4021B00B229006765EF /* Quiz */,
				DF7FA41C1B00B22A006765EF /* QuizTests */,
				DF7FA4011B00B229006765EF /* Products */,
			);
			sourceTree = "<group>";
		};
		DF7FA4011B00B229006765EF /* Products */ = {
			isa = PBXGroup;
			children = (
				DF7FA4001B00B229006765EF /* Quiz.app */,
				DF7FA4191B00B22A006765EF /* QuizTests.xctest */,
			);
			name = Products;
			sourceTree = "<group>";
		};
		DF7FA4021B00B229006765EF /* Quiz */ = {
			isa = PBXGroup;
			children = (
				DF7FA4071B00B22A006765EF /* AppDelegate.h */,
				DF7FA4081B00B22A006765EF /* AppDelegate.m */,
				DF7FA40A1B00B22A006765EF /* ViewController.h */,
				DF7FA40B1B00B22A006765EF /* ViewController.m */,
				DF7FA40D1B00B22A006765EF /* Main.storyboard */,
				DF7FA4101B00B22A006765EF /* Images.xcassets */,
				DF7FA4121B00B22A006765EF /* LaunchScreen.xib */,
				DF7FA4031B00B22A006765EF /* Supporting Files */,
			);
			path = Quiz;
			sourceTree = "<group>";
		};
		DF7FA4031B00B22A006765EF /* Supporting Files */ = {
			isa = PBXGroup;
			children = (
				DF7FA4041B00B22A006765EF /* Info.plist */,
				DF7FA4051B00B22A006765EF /* main.m */,
			);
			name = "Supporting Files";
			sourceTree = "<group>";
		};
		DF7FA41C1B00B22A006765EF /* QuizTests */ = {
			isa = PBXGroup;
			children = (
				DF7FA41F1B00B22A006765EF /* QuizTests.m */,
				DF7FA41D1B00B22A006765EF /* Supporting Files */,
			);
			path = QuizTests;
			sourceTree = "<group>";
		};
		DF7FA41D1B00B22A006765EF /* Supporting Files */ = {
			isa = PBXGroup;
			children = (
				DF7FA41E1B00B22A006765EF /* Info.plist */,
			);
			name = "Supporting Files";
			sourceTree = "<group>";
		};
/* End PBXGroup section */

/* Begin PBXNativeTarget section */
		DF7FA3FF1B00B229006765EF /* Quiz */ = {
			isa = PBXNativeTarget;
			buildConfigurationList = DF7FA4231B00B22A006765EF /* Build configuration list for PBXNativeTarget "Quiz" */;
			buildPhases = (
				DF7FA3FC1B00B229006765EF /* Sources */,
				DF7FA3FD1B00B229006765EF /* Frameworks */,
				DF7FA3FE1B00B229006765EF /* Resources */,
			);
			buildRules = (
			);
			dependencies = (
			);
			name = Quiz;
			productName = Quiz;
			productReference = DF7FA4001B00B229006765EF /* Quiz.app */;
			productType = "com.apple.product-type.application";
		};
		DF7FA4181B00B22A006765EF /* QuizTests */ = {
			isa = PBXNativeTarget;
			buildConfigurationList = DF7FA4261B00B22A006765EF /* Build configuration list for PBXNativeTarget "QuizTests" */;
			buildPhases = (
				DF7FA4151B00B22A006765EF /* Sources */,
				DF7FA4161B00B22A006765EF /* Frameworks */,
				DF7FA4171B00B22A006765EF /* Resources */,
			);
			buildRules = (
			);
			dependencies = (
				DF7FA41B1B00B22A006765EF /* PBXTargetDependency */,
			);
			name = QuizTests;
			productName = QuizTests;
			productReference = DF7FA4191B00B22A006765EF /* QuizTests.xctest */;
			productType = "com.apple.product-type.bundle.unit-test";
		};
/* End PBXNativeTarget section */

/* Begin PBXProject section */
		DF7FA3F81B00B229006765EF /* Project object */ = {
			isa = PBXProject;
			attributes = {
				LastUpgradeCheck = 0630;
				ORGANIZATIONNAME = "徐文亮";
				TargetAttributes = {
					DF7FA3FF1B00B229006765EF = {
						CreatedOnToolsVersion = 6.3.1;
					};
					DF7FA4181B00B22A006765EF = {
						CreatedOnToolsVersion = 6.3.1;
						TestTargetID = DF7FA3FF1B00B229006765EF;
					};
				};
			};
			buildConfigurationList = DF7FA3FB1B00B229006765EF /* Build configuration list for PBXProject "Quiz" */;
			compatibilityVersion = "Xcode 3.2";
			developmentRegion = English;
			hasScannedForEncodings = 0;
			knownRegions = (
				en,
				Base,
			);
			mainGroup = DF7FA3F71B00B229006765EF;
			productRefGroup = DF7FA4011B00B229006765EF /* Products */;
			projectDirPath = "";
			projectRoot = "";
			targets = (
				DF7FA3FF1B00B229006765EF /* Quiz */,
				DF7FA4181B00B22A006765EF /* QuizTests */,
			);
		};
/* End PBXProject section */

/* Begin PBXResourcesBuildPhase section */
		DF7FA3FE1B00B229006765EF /* Resources */ = {
			isa = PBXResourcesBuildPhase;
			buildActionMask = 2147483647;
			files = (
				DF7FA40F1B00B22A006765EF /* Main.storyboard in Resources */,
				DF7FA4141B00B22A006765EF /* LaunchScreen.xib in Resources */,
				DF7FA4111B00B22A006765EF /* Images.xcassets in Resources */,
			);
			runOnlyForDeploymentPostprocessing = 0;
		};
		DF7FA4171B00B22A006765EF /* Resources */ = {
			isa = PBXResourcesBuildPhase;
			buildActionMask = 2147483647;
			files = (
			);
			runOnlyForDeploymentPostprocessing = 0;
		};
/* End PBXResourcesBuildPhase section */

/* Begin PBXSourcesBuildPhase section */
		DF7FA3FC1B00B229006765EF /* Sources */ = {
			isa = PBXSourcesBuildPhase;
			buildActionMask = 2147483647;
			files = (
				DF7FA40C1B00B22A006765EF /* ViewController.m in Sources */,
				DF7FA4091B00B22A006765EF /* AppDelegate.m in Sources */,
				DF7FA4061B00B22A006765EF /* main.m in Sources */,
			);
			runOnlyForDeploymentPostprocessing = 0;
		};
		DF7FA4151B00B22A006765EF /* Sources */ = {
			isa = PBXSourcesBuildPhase;
			buildActionMask = 2147483647;
			files = (
				DF7FA4201B00B22A006765EF /* QuizTests.m in Sources */,
			);
			runOnlyForDeploymentPostprocessing = 0;
		};
/* End PBXSourcesBuildPhase section */

/* Begin PBXTargetDependency section */
		DF7FA41B1B00B22A006765EF /* PBXTargetDependency */ = {
			isa = PBXTargetDependency;
			target = DF7FA3FF1B00B229006765EF /* Quiz */;
			targetProxy = DF7FA41A1B00B22A006765EF /* PBXContainerItemProxy */;
		};
/* End PBXTargetDependency section */

/* Begin PBXVariantGroup section */
		DF7FA40D1B00B22A006765EF /* Main.storyboard */ = {
			isa = PBXVariantGroup;
			children = (
				DF7FA40E1B00B22A006765EF /* Base */,
			);
			name = Main.storyboard;
			sourceTree = "<group>";
		};
		DF7FA4121B00B22A006765EF /* LaunchScreen.xib */ = {
			isa = PBXVariantGroup;
			children = (
				DF7FA4131B00B22A006765EF /* Base */,
			);
			name = LaunchScreen.xib;
			sourceTree = "<group>";
		};
/* End PBXVariantGroup section */

/* Begin XCBuildConfiguration section */
		DF7FA4211B00B22A006765EF /* Debug */ = {
			isa = XCBuildConfiguration;
			buildSettings = {
				ALWAYS_SEARCH_USER_PATHS = NO;
				CLANG_CXX_LANGUAGE_STANDARD = "gnu++0x";
				CLANG_CXX_LIBRARY = "libc++";
				CLANG_ENABLE_MODULES = YES;
				CLANG_ENABLE_OBJC_ARC = YES;
				CLANG_WARN_BOOL_CONVERSION = YES;
				CLANG_WARN_CONSTANT_CONVERSION = YES;
				CLANG_WARN_DIRECT_OBJC_ISA_USAGE = YES_ERROR;
				CLANG_WARN_EMPTY_BODY = YES;
				CLANG_WARN_ENUM_CONVERSION = YES;
				CLANG_WARN_INT_CONVERSION = YES;
				CLANG_WARN_OBJC_ROOT_CLASS = YES_ERROR;
				CLANG_WARN_UNREACHABLE_CODE = YES;
				CLANG_WARN__DUPLICATE_METHOD_MATCH = YES;
				"CODE_SIGN_IDENTITY[sdk=iphoneos*]" = "iPhone Developer";
				COPY_PHASE_STRIP = NO;
				DEBUG_INFORMATION_FORMAT = "dwarf-with-dsym";
				ENABLE_STRICT_OBJC_MSGSEND = YES;
				GCC_C_LANGUAGE_STANDARD = gnu99;
				GCC_DYNAMIC_NO_PIC = NO;
				GCC_NO_COMMON_BLOCKS = YES;
				GCC_OPTIMIZATION_LEVEL = 0;
				GCC_PREPROCESSOR_DEFINITIONS = (
					"DEBUG=1",
					"$(inherited)",
				);
				GCC_SYMBOLS_PRIVATE_EXTERN = NO;
				GCC_WARN_64_TO_32_BIT_CONVERSION = YES;
				GCC_WARN_ABOUT_RETURN_TYPE = YES_ERROR;
				GCC_WARN_UNDECLARED_SELECTOR = YES;
				GCC_WARN_UNINITIALIZED_AUTOS = YES_AGGRESSIVE;
				GCC_WARN_UNUSED_FUNCTION = YES;
				GCC_WARN_UNUSED_VARIABLE = YES;
				IPHONEOS_DEPLOYMENT_TARGET = 8.3;
				MTL_ENABLE_DEBUG_INFO = YES;
				ONLY_ACTIVE_ARCH = YES;
				SDKROOT = iphoneos;
			};
			name = Debug;
		};
		DF7FA4221B00B22A006765EF /* Release */ = {
			isa = XCBuildConfiguration;
			buildSettings = {
				ALWAYS_SEARCH_USER_PATHS = NO;
				CLANG_CXX_LANGUAGE_STANDARD = "gnu++0x";
				CLANG_CXX_LIBRARY = "libc++";
				CLANG_ENABLE_MODULES = YES;
				CLANG_ENABLE_OBJC_ARC = YES;
				CLANG_WARN_BOOL_CONVERSION = YES;
				CLANG_WARN_CONSTANT_CONVERSION = YES;
				CLANG_WARN_DIRECT_OBJC_ISA_USAGE = YES_ERROR;
				CLANG_WARN_EMPTY_BODY = YES;
				CLANG_WARN_ENUM_CONVERSION = YES;
				CLANG_WARN_INT_CONVERSION = YES;
				CLANG_WARN_OBJC_ROOT_CLASS = YES_ERROR;
				CLANG_WARN_UNREACHABLE_CODE = YES;
				CLANG_WARN__DUPLICATE_METHOD_MATCH = YES;
				"CODE_SIGN_IDENTITY[sdk=iphoneos*]" = "iPhone Developer";
				COPY_PHASE_STRIP = NO;
				DEBUG_INFORMATION_FORMAT = "dwarf-with-dsym";
				ENABLE_NS_ASSERTIONS = NO;
				ENABLE_STRICT_OBJC_MSGSEND = YES;
				GCC_C_LANGUAGE_STANDARD = gnu99;
				GCC_NO_COMMON_BLOCKS = YES;
				GCC_WARN_64_TO_32_BIT_CONVERSION = YES;
				GCC_WARN_ABOUT_RETURN_TYPE = YES_ERROR;
				GCC_WARN_UNDECLARED_SELECTOR = YES;
				GCC_WARN_UNINITIALIZED_AUTOS = YES_AGGRESSIVE;
				GCC_WARN_UNUSED_FUNCTION = YES;
				GCC_WARN_UNUSED_VARIABLE = YES;
				IPHONEOS_DEPLOYMENT_TARGET = 8.3;
				MTL_ENABLE_DEBUG_INFO = NO;
				SDKROOT = iphoneos;
				VALIDATE_PRODUCT = YES;
			};
			name = Release;
		};
		DF7FA4241B00B22A006765EF /* Debug */ = {
			isa = XCBuildConfiguration;
			buildSettings = {
				ASSETCATALOG_COMPILER_APPICON_NAME = AppIcon;
				INFOPLIST_FILE = Quiz/Info.plist;
				LD_RUNPATH_SEARCH_PATHS = "$(inherited) @executable_path/Frameworks";
				PRODUCT_NAME = "$(TARGET_NAME)";
			};
			name = Debug;
		};
		DF7FA4251B00B22A006765EF /* Release */ = {
			isa = XCBuildConfiguration;
			buildSettings = {
				ASSETCATALOG_COMPILER_APPICON_NAME = AppIcon;
				INFOPLIST_FILE = Quiz/Info.plist;
				LD_RUNPATH_SEARCH_PATHS = "$(inherited) @executable_path/Frameworks";
				PRODUCT_NAME = "$(TARGET_NAME)";
			};
			name = Release;
		};
		DF7FA4271B00B22A006765EF /* Debug */ = {
			isa = XCBuildConfiguration;
			buildSettings = {
				BUNDLE_LOADER = "$(TEST_HOST)";
				FRAMEWORK_SEARCH_PATHS = (
					"$(SDKROOT)/Developer/Library/Frameworks",
					"$(inherited)",
				);
				GCC_PREPROCESSOR_DEFINITIONS = (
					"DEBUG=1",
					"$(inherited)",
				);
				INFOPLIST_FILE = QuizTests/Info.plist;
				LD_RUNPATH_SEARCH_PATHS = "$(inherited) @executable_path/Frameworks @loader_path/Frameworks";
				PRODUCT_NAME = "$(TARGET_NAME)";
				TEST_HOST = "$(BUILT_PRODUCTS_DIR)/Quiz.app/Quiz";
			};
			name = Debug;
		};
		DF7FA4281B00B22A006765EF /* Release */ = {
			isa = XCBuildConfiguration;
			buildSettings = {
				BUNDLE_LOADER = "$(TEST_HOST)";
				FRAMEWORK_SEARCH_PATHS = (
					"$(SDKROOT)/Developer/Library/Frameworks",
					"$(inherited)",
				);
				INFOPLIST_FILE = QuizTests/Info.plist;
				LD_RUNPATH_SEARCH_PATHS = "$(inherited) @executable_path/Frameworks @loader_path/Frameworks";
				PRODUCT_NAME = "$(TARGET_NAME)";
				TEST_HOST = "$(BUILT_PRODUCTS_DIR)/Quiz.app/Quiz";
			};
			name = Release;
		};
/* End XCBuildConfiguration section */

/* Begin XCConfigurationList section */
		DF7FA3FB1B00B229006765EF /* Build configuration list for PBXProject "Quiz" */ = {
			isa = XCConfigurationList;
			buildConfigurations = (
				DF7FA4211B00B22A006765EF /* Debug */,
				DF7FA4221B00B22A006765EF /* Release */,
			);
			defaultConfigurationIsVisible = 0;
			defaultConfigurationName = Release;
		};
		DF7FA4231B00B22A006765EF /* Build configuration list for PBXNativeTarget "Quiz" */ = {
			isa = XCConfigurationList;
			buildConfigurations = (
				DF7FA4241B00B22A006765EF /* Debug */,
				DF7FA4251B00B22A006765EF /* Release */,
			);
			defaultConfigurationIsVisible = 0;
		};
		DF7FA4261B00B22A006765EF /* Build configuration list for PBXNativeTarget "QuizTests" */ = {
			isa = XCConfigurationList;
			buildConfigurations = (
				DF7FA4271B00B22A006765EF /* Debug */,
				DF7FA4281B00B22A006765EF /* Release */,
			);
			defaultConfigurationIsVisible = 0;
		};
/* End XCConfigurationList section */
	};
	rootObject = DF7FA3F81B00B229006765EF /* Project object */;
}
